
Microsoft Visual Studio Solution File, Format Version 12.00
# Visual Studio Version 16
VisualStudioVersion = 16.0.31729.503
MinimumVisualStudioVersion = 10.0.40219.1
Project("{FAE04EC0-301F-11D3-BF4B-00C04F79EFBC}") = "Calculator", "Calculator.csproj", "{A1DA96FD-751E-430A-A8DD-DA91EAB3CCBF}"
EndProject
Global
	GlobalSection(SolutionConfigurationPlatforms) = preSolution
		Debug|Any CPU = Debug|Any CPU
		Release|Any CPU = Release|Any CPU
	EndGlobalSection
	GlobalSection(ProjectConfigurationPlatforms) = postSolution
		{A1DA96FD-751E-430A-A8DD-DA91EAB3CCBF}.Debug|Any CPU.ActiveCfg = Debug|Any CPU
		{A1DA96FD-751E-430A-A8DD-DA91EAB3CCBF}.Debug|Any CPU.Build.0 = Debug|Any CPU
		{A1DA96FD-751E-430A-A8DD-DA91EAB3CCBF}.Release|Any CPU.ActiveCfg = Release|Any CPU
		{A1DA96FD-751E-430A-A8DD-DA91EAB3CCBF}.Release|Any CPU.Build.0 = Release|Any CPU
	EndGlobalSection
	GlobalSection(SolutionProperties) = preSolution
		HideSolutionNode = FALSE
	EndGlobalSection
	GlobalSection(ExtensibilityGlobals) = postSolution
		SolutionGuid = {776883D8-52FA-4FA6-BDF2-A20F539C53A2}
	EndGlobalSection
EndGlobal
